
Microsoft Visual Studio Solution File, Format Version 12.00
# Visual Studio Version 17
VisualStudioVersion = 17.11.35431.28
MinimumVisualStudioVersion = 10.0.40219.1
Project("{FAE04EC0-301F-11D3-BF4B-00C04F79EFBC}") = "MedicalAttention", "MedicalAttention\MedicalAttention.csproj", "{7752C3F9-2B58-4B00-9264-28A38492F4D1}"
EndProject
Global
	GlobalSection(SolutionConfigurationPlatforms) = preSolution
		Debug|Any CPU = Debug|Any CPU
		Release|Any CPU = Release|Any CPU
	EndGlobalSection
	GlobalSection(ProjectConfigurationPlatforms) = postSolution
		{7752C3F9-2B58-4B00-9264-28A38492F4D1}.Debug|Any CPU.ActiveCfg = Debug|Any CPU
		{7752C3F9-2B58-4B00-9264-28A38492F4D1}.Debug|Any CPU.Build.0 = Debug|Any CPU
		{7752C3F9-2B58-4B00-9264-28A38492F4D1}.Release|Any CPU.ActiveCfg = Release|Any CPU
		{7752C3F9-2B58-4B00-9264-28A38492F4D1}.Release|Any CPU.Build.0 = Release|Any CPU
	EndGlobalSection
	GlobalSection(SolutionProperties) = preSolution
		HideSolutionNode = FALSE
	EndGlobalSection
	GlobalSection(ExtensibilityGlobals) = postSolution
		SolutionGuid = {4244CF26-FD1E-407D-AE37-C7D1C83145A9}
	EndGlobalSection
EndGlobal
